
Microsoft Visual Studio Solution File, Format Version 12.00
# Visual Studio Version 17
VisualStudioVersion = 17.12.35527.113 d17.12
MinimumVisualStudioVersion = 10.0.40219.1
Project("{FAE04EC0-301F-11D3-BF4B-00C04F79EFBC}") = "ProductsService.API", "ProductsService.API\ProductsService.API.csproj", "{0A93B621-119C-4AA5-ABDB-38711CF9CEF5}"
EndProject
Project("{FAE04EC0-301F-11D3-BF4B-00C04F79EFBC}") = "DataAccessLayer", "DataAccessLayer\DataAccessLayer.csproj", "{AB1D2BDC-742C-434B-B67D-9FD86B508951}"
EndProject
Project("{FAE04EC0-301F-11D3-BF4B-00C04F79EFBC}") = "BussinessLogicLayer", "BussinessLogicLayer\BussinessLogicLayer.csproj", "{0B2E71F6-6D6F-466F-B80E-181EE0EAF637}"
EndProject
Global
	GlobalSection(SolutionConfigurationPlatforms) = preSolution
		Debug|Any CPU = Debug|Any CPU
		Release|Any CPU = Release|Any CPU
	EndGlobalSection
	GlobalSection(ProjectConfigurationPlatforms) = postSolution
		{0A93B621-119C-4AA5-ABDB-38711CF9CEF5}.Debug|Any CPU.ActiveCfg = Debug|Any CPU
		{0A93B621-119C-4AA5-ABDB-38711CF9CEF5}.Debug|Any CPU.Build.0 = Debug|Any CPU
		{0A93B621-119C-4AA5-ABDB-38711CF9CEF5}.Release|Any CPU.ActiveCfg = Release|Any CPU
		{0A93B621-119C-4AA5-ABDB-38711CF9CEF5}.Release|Any CPU.Build.0 = Release|Any CPU
		{AB1D2BDC-742C-434B-B67D-9FD86B508951}.Debug|Any CPU.ActiveCfg = Debug|Any CPU
		{AB1D2BDC-742C-434B-B67D-9FD86B508951}.Debug|Any CPU.Build.0 = Debug|Any CPU
		{AB1D2BDC-742C-434B-B67D-9FD86B508951}.Release|Any CPU.ActiveCfg = Release|Any CPU
		{AB1D2BDC-742C-434B-B67D-9FD86B508951}.Release|Any CPU.Build.0 = Release|Any CPU
		{0B2E71F6-6D6F-466F-B80E-181EE0EAF637}.Debug|Any CPU.ActiveCfg = Debug|Any CPU
		{0B2E71F6-6D6F-466F-B80E-181EE0EAF637}.Debug|Any CPU.Build.0 = Debug|Any CPU
		{0B2E71F6-6D6F-466F-B80E-181EE0EAF637}.Release|Any CPU.ActiveCfg = Release|Any CPU
		{0B2E71F6-6D6F-466F-B80E-181EE0EAF637}.Release|Any CPU.Build.0 = Release|Any CPU
	EndGlobalSection
	GlobalSection(SolutionProperties) = preSolution
		HideSolutionNode = FALSE
	EndGlobalSection
EndGlobal
